Microsoft Visual Studio Solution File, Format Version 12.00
# Visual Studio Version 17
VisualStudioVersion = 17.2.32630.192
MinimumVisualStudioVersion = 10.0.40219.1
Project("{FAE04EC0-301F-11D3-BF4B-00C04F79EFBC}") = "VSM.Samples", "VSM.Samples\VSM.Samples.csproj", "{C1CB9FC4-8AC2-4766-8BED-36AA0B1BA37D}"
EndProject
Global
	GlobalSection(SolutionConfigurationPlatforms) = preSolution
		Ad-Hoc|Any CPU = Ad-Hoc|Any CPU
		Ad-Hoc|ARM = Ad-Hoc|ARM
		Ad-Hoc|iPhone = Ad-Hoc|iPhone
		Ad-Hoc|iPhoneSimulator = Ad-Hoc|iPhoneSimulator
		Ad-Hoc|x64 = Ad-Hoc|x64
		Ad-Hoc|x86 = Ad-Hoc|x86
		AppStore|Any CPU = AppStore|Any CPU
		AppStore|ARM = AppStore|ARM
		AppStore|iPhone = AppStore|iPhone
		AppStore|iPhoneSimulator = AppStore|iPhoneSimulator
		AppStore|x64 = AppStore|x64
		AppStore|x86 = AppStore|x86
		Debug|Any CPU = Debug|Any CPU
		Debug|ARM = Debug|ARM
		Debug|iPhone = Debug|iPhone
		Debug|iPhoneSimulator = Debug|iPhoneSimulator
		Debug|x64 = Debug|x64
		Debug|x86 = Debug|x86
		Release|Any CPU = Release|Any CPU
		Release|ARM = Release|ARM
		Release|iPhone = Release|iPhone
		Release|iPhoneSimulator = Release|iPhoneSimulator
		Release|x64 = Release|x64
		Release|x86 = Release|x86
	EndGlobalSection
	GlobalSection(ProjectConfigurationPlatforms) = postSolution
		{C1CB9FC4-8AC2-4766-8BED-36AA0B1BA37D}.Ad-Hoc|Any CPU.ActiveCfg = Debug|Any CPU
		{C1CB9FC4-8AC2-4766-8BED-36AA0B1BA37D}.Ad-Hoc|Any CPU.Build.0 = Debug|Any CPU
		{C1CB9FC4-8AC2-4766-8BED-36AA0B1BA37D}.Ad-Hoc|Any CPU.Deploy.0 = Debug|Any CPU
		{C1CB9FC4-8AC2-4766-8BED-36AA0B1BA37D}.Ad-Hoc|ARM.ActiveCfg = Debug|Any CPU
		{C1CB9FC4-8AC2-4766-8BED-36AA0B1BA37D}.Ad-Hoc|ARM.Build.0 = Debug|Any CPU
		{C1CB9FC4-8AC2-4766-8BED-36AA0B1BA37D}.Ad-Hoc|ARM.Deploy.0 = Debug|Any CPU
		{C1CB9FC4-8AC2-4766-8BED-36AA0B1BA37D}.Ad-Hoc|iPhone.ActiveCfg = Debug|Any CPU
		{C1CB9FC4-8AC2-4766-8BED-36AA0B1BA37D}.Ad-Hoc|iPhone.Build.0 = Debug|Any CPU
		{C1CB9FC4-8AC2-4766-8BED-36AA0B1BA37D}.Ad-Hoc|iPhone.Deploy.0 = Debug|Any CPU
		{C1CB9FC4-8AC2-4766-8BED-36AA0B1BA37D}.Ad-Hoc|iPhoneSimulator.ActiveCfg = Debug|Any CPU
		{C1CB9FC4-8AC2-4766-8BED-36AA0B1BA37D}.Ad-Hoc|iPhoneSimulator.Build.0 = Debug|Any CPU
		{C1CB9FC4-8AC2-4766-8BED-36AA0B1BA37D}.Ad-Hoc|iPhoneSimulator.Deploy.0 = Debug|Any CPU
		{C1CB9FC4-8AC2-4766-8BED-36AA0B1BA37D}.Ad-Hoc|x64.ActiveCfg = Debug|Any CPU
		{C1CB9FC4-8AC2-4766-8BED-36AA0B1BA37D}.Ad-Hoc|x64.Build.0 = Debug|Any CPU
		{C1CB9FC4-8AC2-4766-8BED-36AA0B1BA37D}.Ad-Hoc|x64.Deploy.0 = Debug|Any CPU
		{C1CB9FC4-8AC2-4766-8BED-36AA0B1BA37D}.Ad-Hoc|x86.ActiveCfg = Debug|Any CPU
		{C1CB9FC4-8AC2-4766-8BED-36AA0B1BA37D}.Ad-Hoc|x86.Build.0 = Debug|Any CPU
		{C1CB9FC4-8AC2-4766-8BED-36AA0B1BA37D}.Ad-Hoc|x86.Deploy.0 = Debug|Any CPU
		{C1CB9FC4-8AC2-4766-8BED-36AA0B1BA37D}.AppStore|Any CPU.ActiveCfg = Debug|Any CPU
		{C1CB9FC4-8AC2-4766-8BED-36AA0B1BA37D}.AppStore|Any CPU.Build.0 = Debug|Any CPU
		{C1CB9FC4-8AC2-4766-8BED-36AA0B1BA37D}.AppStore|Any CPU.Deploy.0 = Debug|Any CPU
		{C1CB9FC4-8AC2-4766-8BED-36AA0B1BA37D}.AppStore|ARM.ActiveCfg = Debug|Any CPU
		{C1CB9FC4-8AC2-4766-8BED-36AA0B1BA37D}.AppStore|ARM.Build.0 = Debug|Any CPU
		{C1CB9FC4-8AC2-4766-8BED-36AA0B1BA37D}.AppStore|ARM.Deploy.0 = Debug|Any CPU
		{C1CB9FC4-8AC2-4766-8BED-36AA0B1BA37D}.AppStore|iPhone.ActiveCfg = Debug|Any CPU
		{C1CB9FC4-8AC2-4766-8BED-36AA0B1BA37D}.AppStore|iPhone.Build.0 = Debug|Any CPU
		{C1CB9FC4-8AC2-4766-8BED-36AA0B1BA37D}.AppStore|iPhone.Deploy.0 = Debug|Any CPU
		{C1CB9FC4-8AC2-4766-8BED-36AA0B1BA37D}.AppStore|iPhoneSimulator.ActiveCfg = Debug|Any CPU
		{C1CB9FC4-8AC2-4766-8BED-36AA0B1BA37D}.AppStore|iPhoneSimulator.Build.0 = Debug|Any CPU
		{C1CB9FC4-8AC2-4766-8BED-36AA0B1BA37D}.AppStore|iPhoneSimulator.Deploy.0 = Debug|Any CPU
		{C1CB9FC4-8AC2-4766-8BED-36AA0B1BA37D}.AppStore|x64.ActiveCfg = Debug|Any CPU
		{C1CB9FC4-8AC2-4766-8BED-36AA0B1BA37D}.AppStore|x64.Build.0 = Debug|Any CPU
		{C1CB9FC4-8AC2-4766-8BED-36AA0B1BA37D}.AppStore|x64.Deploy.0 = Debug|Any CPU
		{C1CB9FC4-8AC2-4766-8BED-36AA0B1BA37D}.AppStore|x86.ActiveCfg = Debug|Any CPU
		{C1CB9FC4-8AC2-4766-8BED-36AA0B1BA37D}.AppStore|x86.Build.0 = Debug|Any CPU
		{C1CB9FC4-8AC2-4766-8BED-36AA0B1BA37D}.AppStore|x86.Deploy.0 = Debug|Any CPU
		{C1CB9FC4-8AC2-4766-8BED-36AA0B1BA37D}.Debug|Any CPU.ActiveCfg = Debug|Any CPU
		{C1CB9FC4-8AC2-4766-8BED-36AA0B1BA37D}.Debug|Any CPU.Build.0 = Debug|Any CPU
		{C1CB9FC4-8AC2-4766-8BED-36AA0B1BA37D}.Debug|Any CPU.Deploy.0 = Debug|Any CPU
		{C1CB9FC4-8AC2-4766-8BED-36AA0B1BA37D}.Debug|ARM.ActiveCfg = Debug|Any CPU
		{C1CB9FC4-8AC2-4766-8BED-36AA0B1BA37D}.Debug|ARM.Build.0 = Debug|Any CPU
		{C1CB9FC4-8AC2-4766-8BED-36AA0B1BA37D}.Debug|ARM.Deploy.0 = Debug|Any CPU
		{C1CB9FC4-8AC2-4766-8BED-36AA0B1BA37D}.Debug|iPhone.ActiveCfg = Debug|Any CPU
		{C1CB9FC4-8AC2-4766-8BED-36AA0B1BA37D}.Debug|iPhone.Build.0 = Debug|Any CPU
		{C1CB9FC4-8AC2-4766-8BED-36AA0B1BA37D}.Debug|iPhone.Deploy.0 = Debug|Any CPU
		{C1CB9FC4-8AC2-4766-8BED-36AA0B1BA37D}.Debug|iPhoneSimulator.ActiveCfg = Debug|Any CPU
		{C1CB9FC4-8AC2-4766-8BED-36AA0B1BA37D}.Debug|iPhoneSimulator.Build.0 = Debug|Any CPU
		{C1CB9FC4-8AC2-4766-8BED-36AA0B1BA37D}.Debug|iPhoneSimulator.Deploy.0 = Debug|Any CPU
		{C1CB9FC4-8AC2-4766-8BED-36AA0B1BA37D}.Debug|x64.ActiveCfg = Debug|Any CPU
		{C1CB9FC4-8AC2-4766-8BED-36AA0B1BA37D}.Debug|x64.Build.0 = Debug|Any CPU
		{C1CB9FC4-8AC2-4766-8BED-36AA0B1BA37D}.Debug|x64.Deploy.0 = Debug|Any CPU
		{C1CB9FC4-8AC2-4766-8BED-36AA0B1BA37D}.Debug|x86.ActiveCfg = Debug|Any CPU
		{C1CB9FC4-8AC2-4766-8BED-36AA0B1BA37D}.Debug|x86.Build.0 = Debug|Any CPU
		{C1CB9FC4-8AC2-4766-8BED-36AA0B1BA37D}.Debug|x86.Deploy.0 = Debug|Any CPU
		{C1CB9FC4-8AC2-4766-8BED-36AA0B1BA37D}.Release|Any CPU.ActiveCfg = Release|Any CPU
		{C1CB9FC4-8AC2-4766-8BED-36AA0B1BA37D}.Release|Any CPU.Build.0 = Release|Any CPU
		{C1CB9FC4-8AC2-4766-8BED-36AA0B1BA37D}.Release|Any CPU.Deploy.0 = Release|Any CPU
		{C1CB9FC4-8AC2-4766-8BED-36AA0B1BA37D}.Release|ARM.ActiveCfg = Release|Any CPU
		{C1CB9FC4-8AC2-4766-8BED-36AA0B1BA37D}.Release|ARM.Build.0 = Release|Any CPU
		{C1CB9FC4-8AC2-4766-8BED-36AA0B1BA37D}.Release|ARM.Deploy.0 = Release|Any CPU
		{C1CB9FC4-8AC2-4766-8BED-36AA0B1BA37D}.Release|iPhone.ActiveCfg = Release|Any CPU
		{C1CB9FC4-8AC2-4766-8BED-36AA0B1BA37D}.Release|iPhone.Build.0 = Release|Any CPU
		{C1CB9FC4-8AC2-4766-8BED-36AA0B1BA37D}.Release|iPhone.Deploy.0 = Release|Any CPU
		{C1CB9FC4-8AC2-4766-8BED-36AA0B1BA37D}.Release|iPhoneSimulator.ActiveCfg = Release|Any CPU
		{C1CB9FC4-8AC2-4766-8BED-36AA0B1BA37D}.Release|iPhoneSimulator.Build.0 = Release|Any CPU
		{C1CB9FC4-8AC2-4766-8BED-36AA0B1BA37D}.Release|iPhoneSimulator.Deploy.0 = Release|Any CPU
		{C1CB9FC4-8AC2-4766-8BED-36AA0B1BA37D}.Release|x64.ActiveCfg = Release|Any CPU
		{C1CB9FC4-8AC2-4766-8BED-36AA0B1BA37D}.Release|x64.Build.0 = Release|Any CPU
		{C1CB9FC4-8AC2-4766-8BED-36AA0B1BA37D}.Release|x64.Deploy.0 = Release|Any CPU
		{C1CB9FC4-8AC2-4766-8BED-36AA0B1BA37D}.Release|x86.ActiveCfg = Release|Any CPU
		{C1CB9FC4-8AC2-4766-8BED-36AA0B1BA37D}.Release|x86.Build.0 = Release|Any CPU
		{C1CB9FC4-8AC2-4766-8BED-36AA0B1BA37D}.Release|x86.Deploy.0 = Release|Any CPU
	EndGlobalSection
	GlobalSection(SolutionProperties) = preSolution
		HideSolutionNode = FALSE
	EndGlobalSection
	GlobalSection(ExtensibilityGlobals) = postSolution
		SolutionGuid = {BF6E6B10-D5B8-469F-9D93-37EB23E6BBC3}
	EndGlobalSection
EndGlobal
